
Microsoft Visual Studio Solution File, Format Version 12.00
# Visual Studio Version 17
VisualStudioVersion = 17.8.34322.80
MinimumVisualStudioVersion = 10.0.40219.1
Project("{FAE04EC0-301F-11D3-BF4B-00C04F79EFBC}") = "wpfApp1", "wpfApp1.csproj", "{FB832C94-23D6-4536-A18F-DD0252E75DF6}"
EndProject
Global
	GlobalSection(SolutionConfigurationPlatforms) = preSolution
		Debug|Any CPU = Debug|Any CPU
		Release|Any CPU = Release|Any CPU
	EndGlobalSection
	GlobalSection(ProjectConfigurationPlatforms) = postSolution
		{FB832C94-23D6-4536-A18F-DD0252E75DF6}.Debug|Any CPU.ActiveCfg = Debug|Any CPU
		{FB832C94-23D6-4536-A18F-DD0252E75DF6}.Debug|Any CPU.Build.0 = Debug|Any CPU
		{FB832C94-23D6-4536-A18F-DD0252E75DF6}.Release|Any CPU.ActiveCfg = Release|Any CPU
		{FB832C94-23D6-4536-A18F-DD0252E75DF6}.Release|Any CPU.Build.0 = Release|Any CPU
	EndGlobalSection
	GlobalSection(SolutionProperties) = preSolution
		HideSolutionNode = FALSE
	EndGlobalSection
	GlobalSection(ExtensibilityGlobals) = postSolution
		SolutionGuid = {C915A010-BD38-4A31-A79B-7664FD454954}
	EndGlobalSection
EndGlobal
